
Microsoft Visual Studio Solution File, Format Version 12.00
# Visual Studio Version 16
VisualStudioVersion = 16.0.34729.46
MinimumVisualStudioVersion = 10.0.40219.1
Project("{FAE04EC0-301F-11D3-BF4B-00C04F79EFBC}") = "MoveLimiter", "MoveLimiter\MoveLimiter.csproj", "{B1F33F41-50C5-4621-B6E4-55DF6D828814}"
EndProject
Global
	GlobalSection(SolutionConfigurationPlatforms) = preSolution
		Debug|Any CPU = Debug|Any CPU
		Release|Any CPU = Release|Any CPU
	EndGlobalSection
	GlobalSection(ProjectConfigurationPlatforms) = postSolution
		{B1F33F41-50C5-4621-B6E4-55DF6D828814}.Debug|Any CPU.ActiveCfg = Debug|Any CPU
		{B1F33F41-50C5-4621-B6E4-55DF6D828814}.Debug|Any CPU.Build.0 = Debug|Any CPU
		{B1F33F41-50C5-4621-B6E4-55DF6D828814}.Release|Any CPU.ActiveCfg = Release|Any CPU
		{B1F33F41-50C5-4621-B6E4-55DF6D828814}.Release|Any CPU.Build.0 = Release|Any CPU
	EndGlobalSection
	GlobalSection(SolutionProperties) = preSolution
		HideSolutionNode = FALSE
	EndGlobalSection
	GlobalSection(ExtensibilityGlobals) = postSolution
		SolutionGuid = {0F686F14-F70E-457B-9AD3-D0F6A180119C}
	EndGlobalSection
EndGlobal
